
Microsoft Visual Studio Solution File, Format Version 12.00
Project("{FAE04EC0-301F-11D3-BF4B-00C04F79EFBC}") = "UTWalletsWeb", "UTWalletsWeb\UTWalletsWeb.csproj", "{DC3E0D96-C493-482E-B986-5F321FC24703}"
EndProject
Project("{FAE04EC0-301F-11D3-BF4B-00C04F79EFBC}") = "UTWalletsWebApi", "UTWalletsWebApi\UTWalletsWebApi.csproj", "{DF1696CE-19A0-4AE1-8A25-5F2156010093}"
EndProject
Global
	GlobalSection(SolutionConfigurationPlatforms) = preSolution
		Debug|Any CPU = Debug|Any CPU
		Release|Any CPU = Release|Any CPU
	EndGlobalSection
	GlobalSection(ProjectConfigurationPlatforms) = postSolution
		{DC3E0D96-C493-482E-B986-5F321FC24703}.Debug|Any CPU.ActiveCfg = Debug|Any CPU
		{DC3E0D96-C493-482E-B986-5F321FC24703}.Debug|Any CPU.Build.0 = Debug|Any CPU
		{DC3E0D96-C493-482E-B986-5F321FC24703}.Release|Any CPU.ActiveCfg = Release|Any CPU
		{DC3E0D96-C493-482E-B986-5F321FC24703}.Release|Any CPU.Build.0 = Release|Any CPU
		{DF1696CE-19A0-4AE1-8A25-5F2156010093}.Debug|Any CPU.ActiveCfg = Debug|Any CPU
		{DF1696CE-19A0-4AE1-8A25-5F2156010093}.Debug|Any CPU.Build.0 = Debug|Any CPU
		{DF1696CE-19A0-4AE1-8A25-5F2156010093}.Release|Any CPU.ActiveCfg = Release|Any CPU
		{DF1696CE-19A0-4AE1-8A25-5F2156010093}.Release|Any CPU.Build.0 = Release|Any CPU
	EndGlobalSection
EndGlobal
